
Microsoft Visual Studio Solution File, Format Version 12.00
# Visual Studio Version 17
VisualStudioVersion = 17.4.33122.133
MinimumVisualStudioVersion = 10.0.40219.1
Project("{FAE04EC0-301F-11D3-BF4B-00C04F79EFBC}") = "MinimalRPC", "MinimalRPC\MinimalRPC.csproj", "{A6F6AEFD-9A52-464F-BDBD-5273F68B3B7A}"
EndProject
Global
	GlobalSection(SolutionConfigurationPlatforms) = preSolution
		Debug|Any CPU = Debug|Any CPU
		Release|Any CPU = Release|Any CPU
	EndGlobalSection
	GlobalSection(ProjectConfigurationPlatforms) = postSolution
		{A6F6AEFD-9A52-464F-BDBD-5273F68B3B7A}.Debug|Any CPU.ActiveCfg = Debug|Any CPU
		{A6F6AEFD-9A52-464F-BDBD-5273F68B3B7A}.Debug|Any CPU.Build.0 = Debug|Any CPU
		{A6F6AEFD-9A52-464F-BDBD-5273F68B3B7A}.Release|Any CPU.ActiveCfg = Release|Any CPU
		{A6F6AEFD-9A52-464F-BDBD-5273F68B3B7A}.Release|Any CPU.Build.0 = Release|Any CPU
	EndGlobalSection
	GlobalSection(SolutionProperties) = preSolution
		HideSolutionNode = FALSE
	EndGlobalSection
	GlobalSection(ExtensibilityGlobals) = postSolution
		SolutionGuid = {6738B15D-02E8-4D6A-AEBF-40E62AED5099}
	EndGlobalSection
EndGlobal
